{"is_source_file": false, "format": "", "description": "", "external_files": [], "external_methods": [], "published": [], "classes": [], "methods": [], "calls": [], "search-terms": [], "state": 2, "file_id": 15, "knowledge_revision": 27, "git_revision": "31f2f4512dfe8cd6b39512530f422c4ecd826f8b", "hash": "9c4ed7ef73e22b872b8055bec08b8979", "format-version": 4, "code-base-name": "default", "filename": "notease/post_process_status.lock", "revision_history": [{"27": "31f2f4512dfe8cd6b39512530f422c4ecd826f8b"}]}